
Microsoft Visual Studio Solution File, Format Version 12.00
# Visual Studio Version 17
VisualStudioVersion = 17.14.36408.4 d17.14
MinimumVisualStudioVersion = 10.0.40219.1
Project("{FAE04EC0-301F-11D3-BF4B-00C04F79EFBC}") = "CurrencyRatesConsumer", "CurrencyRatesConsumer\CurrencyRatesConsumer.csproj", "{6B15B5CC-2C53-453A-87C0-C41FF886CBCA}"
EndProject
Global
	GlobalSection(SolutionConfigurationPlatforms) = preSolution
		Debug|Any CPU = Debug|Any CPU
		Release|Any CPU = Release|Any CPU
	EndGlobalSection
	GlobalSection(ProjectConfigurationPlatforms) = postSolution
		{6B15B5CC-2C53-453A-87C0-C41FF886CBCA}.Debug|Any CPU.ActiveCfg = Debug|Any CPU
		{6B15B5CC-2C53-453A-87C0-C41FF886CBCA}.Debug|Any CPU.Build.0 = Debug|Any CPU
		{6B15B5CC-2C53-453A-87C0-C41FF886CBCA}.Release|Any CPU.ActiveCfg = Release|Any CPU
		{6B15B5CC-2C53-453A-87C0-C41FF886CBCA}.Release|Any CPU.Build.0 = Release|Any CPU
	EndGlobalSection
	GlobalSection(SolutionProperties) = preSolution
		HideSolutionNode = FALSE
	EndGlobalSection
	GlobalSection(ExtensibilityGlobals) = postSolution
		SolutionGuid = {674A95D2-8CED-4C71-A24C-3409B695605B}
	EndGlobalSection
EndGlobal
